// !$*UTF8*$!
{
	archiveVersion = 1;
	classes = {
	};
	objectVersion = 46;
	objects = {

/* Begin PBXBuildFile section */
		AE3733AB14DB7563001132F0 /* PrintMessage.m in Sources */ = {isa = PBXBuildFile; fileRef = AE3733AA14DB7563001132F0 /* PrintMessage.m */; };
		AE3733AE14DB7837001132F0 /* ImplProtocol.m in Sources */ = {isa = PBXBuildFile; fileRef = AE3733AD14DB7837001132F0 /* ImplProtocol.m */; };
		AE97A17E14D8DC0C00500AFA /* SampleTableViewController.m in Sources */ = {isa = PBXBuildFile; fileRef = AE97A17C14D8DC0C00500AFA /* SampleTableViewController.m */; };
		AE97A17F14D8DC0C00500AFA /* SampleTableViewController.xib in Resources */ = {isa = PBXBuildFile; fileRef = AE97A17D14D8DC0C00500AFA /* SampleTableViewController.xib */; };
		B318632B14D8573B00397A98 /* UIKit.framework in Frameworks */ = {isa = PBXBuildFile; fileRef = B318632A14D8573B00397A98 /* UIKit.framework */; };
		B318632D14D8573B00397A98 /* Foundation.framework in Frameworks */ = {isa = PBXBuildFile; fileRef = B318632C14D8573B00397A98 /* Foundation.framework */; };
		B318632F14D8573B00397A98 /* CoreGraphics.framework in Frameworks */ = {isa = PBXBuildFile; fileRef = B318632E14D8573B00397A98 /* CoreGraphics.framework */; };
		B318633514D8573B00397A98 /* InfoPlist.strings in Resources */ = {isa = PBXBuildFile; fileRef = B318633314D8573B00397A98 /* InfoPlist.strings */; };
		B318633714D8573B00397A98 /* main.m in Sources */ = {isa = PBXBuildFile; fileRef = B318633614D8573B00397A98 /* main.m */; };
		B318633B14D8573B00397A98 /* AppDelegate.m in Sources */ = {isa = PBXBuildFile; fileRef = B318633A14D8573B00397A98 /* AppDelegate.m */; };
		B318633E14D8573B00397A98 /* ViewController.m in Sources */ = {isa = PBXBuildFile; fileRef = B318633D14D8573B00397A98 /* ViewController.m */; };
		B318634114D8573B00397A98 /* ViewController.xib in Resources */ = {isa = PBXBuildFile; fileRef = B318633F14D8573B00397A98 /* ViewController.xib */; };
		B318634914D8573B00397A98 /* SenTestingKit.framework in Frameworks */ = {isa = PBXBuildFile; fileRef = B318634814D8573B00397A98 /* SenTestingKit.framework */; };
		B318634A14D8573B00397A98 /* UIKit.framework in Frameworks */ = {isa = PBXBuildFile; fileRef = B318632A14D8573B00397A98 /* UIKit.framework */; };
		B318634B14D8573B00397A98 /* Foundation.framework in Frameworks */ = {isa = PBXBuildFile; fileRef = B318632C14D8573B00397A98 /* Foundation.framework */; };
		B318635314D8573B00397A98 /* InfoPlist.strings in Resources */ = {isa = PBXBuildFile; fileRef = B318635114D8573B00397A98 /* InfoPlist.strings */; };
		B318635614D8573B00397A98 /* HBNiOSTutorialTests.m in Sources */ = {isa = PBXBuildFile; fileRef = B318635514D8573B00397A98 /* HBNiOSTutorialTests.m */; };
/* End PBXBuildFile section */

/* Begin PBXContainerItemProxy section */
		B318634C14D8573B00397A98 /* PBXContainerItemProxy */ = {
			isa = PBXContainerItemProxy;
			containerPortal = B318631D14D8573B00397A98 /* Project object */;
			proxyType = 1;
			remoteGlobalIDString = B318632514D8573B00397A98;
			remoteInfo = HBNiOSTutorial;
		};
/* End PBXContainerItemProxy section */

/* Begin PBXFileReference section */
		AE3733A914DB7563001132F0 /* PrintMessage.h */ = {isa = PBXFileReference; fileEncoding = 4; lastKnownFileType = sourcecode.c.h; path = PrintMessage.h; sourceTree = "<group>"; };
		AE3733AA14DB7563001132F0 /* PrintMessage.m */ = {isa = PBXFileReference; fileEncoding = 4; lastKnownFileType = sourcecode.c.objc; path = PrintMessage.m; sourceTree = "<group>"; };
		AE3733AC14DB7837001132F0 /* ImplProtocol.h */ = {isa = PBXFileReference; fileEncoding = 4; lastKnownFileType = sourcecode.c.h; path = ImplProtocol.h; sourceTree = "<group>"; };
		AE3733AD14DB7837001132F0 /* ImplProtocol.m */ = {isa = PBXFileReference; fileEncoding = 4; lastKnownFileType = sourcecode.c.objc; path = ImplProtocol.m; sourceTree = "<group>"; };
		AE97A17B14D8DC0C00500AFA /* SampleTableViewController.h */ = {isa = PBXFileReference; fileEncoding = 4; lastKnownFileType = sourcecode.c.h; path = SampleTableViewController.h; sourceTree = "<group>"; };
		AE97A17C14D8DC0C00500AFA /* SampleTableViewController.m */ = {isa = PBXFileReference; fileEncoding = 4; lastKnownFileType = sourcecode.c.objc; path = SampleTableViewController.m; sourceTree = "<group>"; };
		AE97A17D14D8DC0C00500AFA /* SampleTableViewController.xib */ = {isa = PBXFileReference; fileEncoding = 4; lastKnownFileType = file.xib; path = SampleTableViewController.xib; sourceTree = "<group>"; };
		B318632614D8573B00397A98 /* HBNiOSTutorial.app */ = {isa = PBXFileReference; explicitFileType = wrapper.application; includeInIndex = 0; path = HBNiOSTutorial.app; sourceTree = BUILT_PRODUCTS_DIR; };
		B318632A14D8573B00397A98 /* UIKit.framework */ = {isa = PBXFileReference; lastKnownFileType = wrapper.framework; name = UIKit.framework; path = System/Library/Frameworks/UIKit.framework; sourceTree = SDKROOT; };
		B318632C14D8573B00397A98 /* Foundation.framework */ = {isa = PBXFileReference; lastKnownFileType = wrapper.framework; name = Foundation.framework; path = System/Library/Frameworks/Foundation.framework; sourceTree = SDKROOT; };
		B318632E14D8573B00397A98 /* CoreGraphics.framework */ = {isa = PBXFileReference; lastKnownFileType = wrapper.framework; name = CoreGraphics.framework; path = System/Library/Frameworks/CoreGraphics.framework; sourceTree = SDKROOT; };
		B318633214D8573B00397A98 /* HBNiOSTutorial-Info.plist */ = {isa = PBXFileReference; lastKnownFileType = text.plist.xml; path = "HBNiOSTutorial-Info.plist"; sourceTree = "<group>"; };
		B318633414D8573B00397A98 /* en */ = {isa = PBXFileReference; lastKnownFileType = text.plist.strings; name = en; path = en.lproj/InfoPlist.strings; sourceTree = "<group>"; };
		B318633614D8573B00397A98 /* main.m */ = {isa = PBXFileReference; lastKnownFileType = sourcecode.c.objc; path = main.m; sourceTree = "<group>"; };
		B318633814D8573B00397A98 /* HBNiOSTutorial-Prefix.pch */ = {isa = PBXFileReference; lastKnownFileType = sourcecode.c.h; path = "HBNiOSTutorial-Prefix.pch"; sourceTree = "<group>"; };
		B318633914D8573B00397A98 /* AppDelegate.h */ = {isa = PBXFileReference; lastKnownFileType = sourcecode.c.h; path = AppDelegate.h; sourceTree = "<group>"; };
		B318633A14D8573B00397A98 /* AppDelegate.m */ = {isa = PBXFileReference; lastKnownFileType = sourcecode.c.objc; path = AppDelegate.m; sourceTree = "<group>"; };
		B318633C14D8573B00397A98 /* ViewController.h */ = {isa = PBXFileReference; lastKnownFileType = sourcecode.c.h; path = ViewController.h; sourceTree = "<group>"; };
		B318633D14D8573B00397A98 /* ViewController.m */ = {isa = PBXFileReference; lastKnownFileType = sourcecode.c.objc; path = ViewController.m; sourceTree = "<group>"; };
		B318634014D8573B00397A98 /* en */ = {isa = PBXFileReference; lastKnownFileType = file.xib; name = en; path = en.lproj/ViewController.xib; sourceTree = "<group>"; };
		B318634714D8573B00397A98 /* HBNiOSTutorialTests.octest */ = {isa = PBXFileReference; explicitFileType = wrapper.cfbundle; includeInIndex = 0; path = HBNiOSTutorialTests.octest; sourceTree = BUILT_PRODUCTS_DIR; };
		B318634814D8573B00397A98 /* SenTestingKit.framework */ = {isa = PBXFileReference; lastKnownFileType = wrapper.framework; name = SenTestingKit.framework; path = Library/Frameworks/SenTestingKit.framework; sourceTree = DEVELOPER_DIR; };
		B318635014D8573B00397A98 /* HBNiOSTutorialTests-Info.plist */ = {isa = PBXFileReference; lastKnownFileType = text.plist.xml; path = "HBNiOSTutorialTests-Info.plist"; sourceTree = "<group>"; };
		B318635214D8573B00397A98 /* en */ = {isa = PBXFileReference; lastKnownFileType = text.plist.strings; name = en; path = en.lproj/InfoPlist.strings; sourceTree = "<group>"; };
		B318635414D8573B00397A98 /* HBNiOSTutorialTests.h */ = {isa = PBXFileReference; lastKnownFileType = sourcecode.c.h; path = HBNiOSTutorialTests.h; sourceTree = "<group>"; };
		B318635514D8573B00397A98 /* HBNiOSTutorialTests.m */ = {isa = PBXFileReference; lastKnownFileType = sourcecode.c.objc; path = HBNiOSTutorialTests.m; sourceTree = "<group>"; };
/* End PBXFileReference section */

/* Begin PBXFrameworksBuildPhase section */
		B318632314D8573B00397A98 /* Frameworks */ = {
			isa = PBXFrameworksBuildPhase;
			buildActionMask = 2147483647;
			files = (
				B318632B14D8573B00397A98 /* UIKit.framework in Frameworks */,
				B318632D14D8573B00397A98 /* Foundation.framework in Frameworks */,
				B318632F14D8573B00397A98 /* CoreGraphics.framework in Frameworks */,
			);
			runOnlyForDeploymentPostprocessing = 0;
		};
		B318634314D8573B00397A98 /* Frameworks */ = {
			isa = PBXFrameworksBuildPhase;
			buildActionMask = 2147483647;
			files = (
				B318634914D8573B00397A98 /* SenTestingKit.framework in Frameworks */,
				B318634A14D8573B00397A98 /* UIKit.framework in Frameworks */,
				B318634B14D8573B00397A98 /* Foundation.framework in Frameworks */,
			);
			runOnlyForDeploymentPostprocessing = 0;
		};
/* End PBXFrameworksBuildPhase section */

/* Begin PBXGroup section */
		B318631B14D8573B00397A98 = {
			isa = PBXGroup;
			children = (
				B318633014D8573B00397A98 /* HBNiOSTutorial */,
				B318634E14D8573B00397A98 /* HBNiOSTutorialTests */,
				B318632914D8573B00397A98 /* Frameworks */,
				B318632714D8573B00397A98 /* Products */,
			);
			sourceTree = "<group>";
		};
		B318632714D8573B00397A98 /* Products */ = {
			isa = PBXGroup;
			children = (
				B318632614D8573B00397A98 /* HBNiOSTutorial.app */,
				B318634714D8573B00397A98 /* HBNiOSTutorialTests.octest */,
			);
			name = Products;
			sourceTree = "<group>";
		};
		B318632914D8573B00397A98 /* Frameworks */ = {
			isa = PBXGroup;
			children = (
				B318632A14D8573B00397A98 /* UIKit.framework */,
				B318632C14D8573B00397A98 /* Foundation.framework */,
				B318632E14D8573B00397A98 /* CoreGraphics.framework */,
				B318634814D8573B00397A98 /* SenTestingKit.framework */,
			);
			name = Frameworks;
			sourceTree = "<group>";
		};
		B318633014D8573B00397A98 /* HBNiOSTutorial */ = {
			isa = PBXGroup;
			children = (
				B318633914D8573B00397A98 /* AppDelegate.h */,
				B318633A14D8573B00397A98 /* AppDelegate.m */,
				B318633C14D8573B00397A98 /* ViewController.h */,
				B318633D14D8573B00397A98 /* ViewController.m */,
				B318633F14D8573B00397A98 /* ViewController.xib */,
				B318633114D8573B00397A98 /* Supporting Files */,
				AE97A17B14D8DC0C00500AFA /* SampleTableViewController.h */,
				AE97A17C14D8DC0C00500AFA /* SampleTableViewController.m */,
				AE97A17D14D8DC0C00500AFA /* SampleTableViewController.xib */,
				AE3733A914DB7563001132F0 /* PrintMessage.h */,
				AE3733AA14DB7563001132F0 /* PrintMessage.m */,
				AE3733AC14DB7837001132F0 /* ImplProtocol.h */,
				AE3733AD14DB7837001132F0 /* ImplProtocol.m */,
			);
			path = HBNiOSTutorial;
			sourceTree = "<group>";
		};
		B318633114D8573B00397A98 /* Supporting Files */ = {
			isa = PBXGroup;
			children = (
				B318633214D8573B00397A98 /* HBNiOSTutorial-Info.plist */,
				B318633314D8573B00397A98 /* InfoPlist.strings */,
				B318633614D8573B00397A98 /* main.m */,
				B318633814D8573B00397A98 /* HBNiOSTutorial-Prefix.pch */,
			);
			name = "Supporting Files";
			sourceTree = "<group>";
		};
		B318634E14D8573B00397A98 /* HBNiOSTutorialTests */ = {
			isa = PBXGroup;
			children = (
				B318635414D8573B00397A98 /* HBNiOSTutorialTests.h */,
				B318635514D8573B00397A98 /* HBNiOSTutorialTests.m */,
				B318634F14D8573B00397A98 /* Supporting Files */,
			);
			path = HBNiOSTutorialTests;
			sourceTree = "<group>";
		};
		B318634F14D8573B00397A98 /* Supporting Files */ = {
			isa = PBXGroup;
			children = (
				B318635014D8573B00397A98 /* HBNiOSTutorialTests-Info.plist */,
				B318635114D8573B00397A98 /* InfoPlist.strings */,
			);
			name = "Supporting Files";
			sourceTree = "<group>";
		};
/* End PBXGroup section */

/* Begin PBXNativeTarget section */
		B318632514D8573B00397A98 /* HBNiOSTutorial */ = {
			isa = PBXNativeTarget;
			buildConfigurationList = B318635914D8573B00397A98 /* Build configuration list for PBXNativeTarget "HBNiOSTutorial" */;
			buildPhases = (
				B318632214D8573B00397A98 /* Sources */,
				B318632314D8573B00397A98 /* Frameworks */,
				B318632414D8573B00397A98 /* Resources */,
			);
			buildRules = (
			);
			dependencies = (
			);
			name = HBNiOSTutorial;
			productName = HBNiOSTutorial;
			productReference = B318632614D8573B00397A98 /* HBNiOSTutorial.app */;
			productType = "com.apple.product-type.application";
		};
		B318634614D8573B00397A98 /* HBNiOSTutorialTests */ = {
			isa = PBXNativeTarget;
			buildConfigurationList = B318635C14D8573B00397A98 /* Build configuration list for PBXNativeTarget "HBNiOSTutorialTests" */;
			buildPhases = (
				B318634214D8573B00397A98 /* Sources */,
				B318634314D8573B00397A98 /* Frameworks */,
				B318634414D8573B00397A98 /* Resources */,
				B318634514D8573B00397A98 /* ShellScript */,
			);
			buildRules = (
			);
			dependencies = (
				B318634D14D8573B00397A98 /* PBXTargetDependency */,
			);
			name = HBNiOSTutorialTests;
			productName = HBNiOSTutorialTests;
			productReference = B318634714D8573B00397A98 /* HBNiOSTutorialTests.octest */;
			productType = "com.apple.product-type.bundle";
		};
/* End PBXNativeTarget section */

/* Begin PBXProject section */
		B318631D14D8573B00397A98 /* Project object */ = {
			isa = PBXProject;
			attributes = {
				LastUpgradeCheck = 0420;
				ORGANIZATIONNAME = "saltfactory@gmail.com";
			};
			buildConfigurationList = B318632014D8573B00397A98 /* Build configuration list for PBXProject "HBNiOSTutorial" */;
			compatibilityVersion = "Xcode 3.2";
			developmentRegion = English;
			hasScannedForEncodings = 0;
			knownRegions = (
				en,
			);
			mainGroup = B318631B14D8573B00397A98;
			productRefGroup = B318632714D8573B00397A98 /* Products */;
			projectDirPath = "";
			projectRoot = "";
			targets = (
				B318632514D8573B00397A98 /* HBNiOSTutorial */,
				B318634614D8573B00397A98 /* HBNiOSTutorialTests */,
			);
		};
/* End PBXProject section */

/* Begin PBXResourcesBuildPhase section */
		B318632414D8573B00397A98 /* Resources */ = {
			isa = PBXResourcesBuildPhase;
			buildActionMask = 2147483647;
			files = (
				B318633514D8573B00397A98 /* InfoPlist.strings in Resources */,
				B318634114D8573B00397A98 /* ViewController.xib in Resources */,
				AE97A17F14D8DC0C00500AFA /* SampleTableViewController.xib in Resources */,
			);
			runOnlyForDeploymentPostprocessing = 0;
		};
		B318634414D8573B00397A98 /* Resources */ = {
			isa = PBXResourcesBuildPhase;
			buildActionMask = 2147483647;
			files = (
				B318635314D8573B00397A98 /* InfoPlist.strings in Resources */,
			);
			runOnlyForDeploymentPostprocessing = 0;
		};
/* End PBXResourcesBuildPhase section */

/* Begin PBXShellScriptBuildPhase section */
		B318634514D8573B00397A98 /* ShellScript */ = {
			isa = PBXShellScriptBuildPhase;
			buildActionMask = 2147483647;
			files = (
			);
			inputPaths = (
			);
			outputPaths = (
			);
			runOnlyForDeploymentPostprocessing = 0;
			shellPath = /bin/sh;
			shellScript = "# Run the unit tests in this test bundle.\n\"${SYSTEM_DEVELOPER_DIR}/Tools/RunUnitTests\"\n";
		};
/* End PBXShellScriptBuildPhase section */

/* Begin PBXSourcesBuildPhase section */
		B318632214D8573B00397A98 /* Sources */ = {
			isa = PBXSourcesBuildPhase;
			buildActionMask = 2147483647;
			files = (
				B318633714D8573B00397A98 /* main.m in Sources */,
				B318633B14D8573B00397A98 /* AppDelegate.m in Sources */,
				B318633E14D8573B00397A98 /* ViewController.m in Sources */,
				AE97A17E14D8DC0C00500AFA /* SampleTableViewController.m in Sources */,
				AE3733AB14DB7563001132F0 /* PrintMessage.m in Sources */,
				AE3733AE14DB7837001132F0 /* ImplProtocol.m in Sources */,
			);
			runOnlyForDeploymentPostprocessing = 0;
		};
		B318634214D8573B00397A98 /* Sources */ = {
			isa = PBXSourcesBuildPhase;
			buildActionMask = 2147483647;
			files = (
				B318635614D8573B00397A98 /* HBNiOSTutorialTests.m in Sources */,
			);
			runOnlyForDeploymentPostprocessing = 0;
		};
/* End PBXSourcesBuildPhase section */

/* Begin PBXTargetDependency section */
		B318634D14D8573B00397A98 /* PBXTargetDependency */ = {
			isa = PBXTargetDependency;
			target = B318632514D8573B00397A98 /* HBNiOSTutorial */;
			targetProxy = B318634C14D8573B00397A98 /* PBXContainerItemProxy */;
		};
/* End PBXTargetDependency section */

/* Begin PBXVariantGroup section */
		B318633314D8573B00397A98 /* InfoPlist.strings */ = {
			isa = PBXVariantGroup;
			children = (
				B318633414D8573B00397A98 /* en */,
			);
			name = InfoPlist.strings;
			sourceTree = "<group>";
		};
		B318633F14D8573B00397A98 /* ViewController.xib */ = {
			isa = PBXVariantGroup;
			children = (
				B318634014D8573B00397A98 /* en */,
			);
			name = ViewController.xib;
			sourceTree = "<group>";
		};
		B318635114D8573B00397A98 /* InfoPlist.strings */ = {
			isa = PBXVariantGroup;
			children = (
				B318635214D8573B00397A98 /* en */,
			);
			name = InfoPlist.strings;
			sourceTree = "<group>";
		};
/* End PBXVariantGroup section */

/* Begin XCBuildConfiguration section */
		B318635714D8573B00397A98 /* Debug */ = {
			isa = XCBuildConfiguration;
			buildSettings = {
				ALWAYS_SEARCH_USER_PATHS = NO;
				ARCHS = "$(ARCHS_STANDARD_32_BIT)";
				CLANG_ENABLE_OBJC_ARC = YES;
				"CODE_SIGN_IDENTITY[sdk=iphoneos*]" = "iPhone Developer";
				COPY_PHASE_STRIP = NO;
				GCC_C_LANGUAGE_STANDARD = gnu99;
				GCC_DYNAMIC_NO_PIC = NO;
				GCC_OPTIMIZATION_LEVEL = 0;
				GCC_PREPROCESSOR_DEFINITIONS = (
					"DEBUG=1",
					"$(inherited)",
				);
				GCC_SYMBOLS_PRIVATE_EXTERN = NO;
				GCC_VERSION = com.apple.compilers.llvm.clang.1_0;
				GCC_WARN_ABOUT_MISSING_PROTOTYPES = YES;
				GCC_WARN_ABOUT_RETURN_TYPE = YES;
				GCC_WARN_UNUSED_VARIABLE = YES;
				IPHONEOS_DEPLOYMENT_TARGET = 5.0;
				SDKROOT = iphoneos;
			};
			name = Debug;
		};
		B318635814D8573B00397A98 /* Release */ = {
			isa = XCBuildConfiguration;
			buildSettings = {
				ALWAYS_SEARCH_USER_PATHS = NO;
				ARCHS = "$(ARCHS_STANDARD_32_BIT)";
				CLANG_ENABLE_OBJC_ARC = YES;
				"CODE_SIGN_IDENTITY[sdk=iphoneos*]" = "iPhone Developer";
				COPY_PHASE_STRIP = YES;
				GCC_C_LANGUAGE_STANDARD = gnu99;
				GCC_VERSION = com.apple.compilers.llvm.clang.1_0;
				GCC_WARN_ABOUT_MISSING_PROTOTYPES = YES;
				GCC_WARN_ABOUT_RETURN_TYPE = YES;
				GCC_WARN_UNUSED_VARIABLE = YES;
				IPHONEOS_DEPLOYMENT_TARGET = 5.0;
				OTHER_CFLAGS = "-DNS_BLOCK_ASSERTIONS=1";
				SDKROOT = iphoneos;
				VALIDATE_PRODUCT = YES;
			};
			name = Release;
		};
		B318635A14D8573B00397A98 /* Debug */ = {
			isa = XCBuildConfiguration;
			buildSettings = {
				GCC_PRECOMPILE_PREFIX_HEADER = YES;
				GCC_PREFIX_HEADER = "HBNiOSTutorial/HBNiOSTutorial-Prefix.pch";
				INFOPLIST_FILE = "HBNiOSTutorial/HBNiOSTutorial-Info.plist";
				PRODUCT_NAME = "$(TARGET_NAME)";
				WRAPPER_EXTENSION = app;
			};
			name = Debug;
		};
		B318635B14D8573B00397A98 /* Release */ = {
			isa = XCBuildConfiguration;
			buildSettings = {
				GCC_PRECOMPILE_PREFIX_HEADER = YES;
				GCC_PREFIX_HEADER = "HBNiOSTutorial/HBNiOSTutorial-Prefix.pch";
				INFOPLIST_FILE = "HBNiOSTutorial/HBNiOSTutorial-Info.plist";
				PRODUCT_NAME = "$(TARGET_NAME)";
				WRAPPER_EXTENSION = app;
			};
			name = Release;
		};
		B318635D14D8573B00397A98 /* Debug */ = {
			isa = XCBuildConfiguration;
			buildSettings = {
				BUNDLE_LOADER = "$(BUILT_PRODUCTS_DIR)/HBNiOSTutorial.app/HBNiOSTutorial";
				FRAMEWORK_SEARCH_PATHS = (
					"$(SDKROOT)/Developer/Library/Frameworks",
					"$(DEVELOPER_LIBRARY_DIR)/Frameworks",
				);
				GCC_PRECOMPILE_PREFIX_HEADER = YES;
				GCC_PREFIX_HEADER = "HBNiOSTutorial/HBNiOSTutorial-Prefix.pch";
				INFOPLIST_FILE = "HBNiOSTutorialTests/HBNiOSTutorialTests-Info.plist";
				PRODUCT_NAME = "$(TARGET_NAME)";
				TEST_HOST = "$(BUNDLE_LOADER)";
				WRAPPER_EXTENSION = octest;
			};
			name = Debug;
		};
		B318635E14D8573B00397A98 /* Release */ = {
			isa = XCBuildConfiguration;
			buildSettings = {
				BUNDLE_LOADER = "$(BUILT_PRODUCTS_DIR)/HBNiOSTutorial.app/HBNiOSTutorial";
				FRAMEWORK_SEARCH_PATHS = (
					"$(SDKROOT)/Developer/Library/Frameworks",
					"$(DEVELOPER_LIBRARY_DIR)/Frameworks",
				);
				GCC_PRECOMPILE_PREFIX_HEADER = YES;
				GCC_PREFIX_HEADER = "HBNiOSTutorial/HBNiOSTutorial-Prefix.pch";
				INFOPLIST_FILE = "HBNiOSTutorialTests/HBNiOSTutorialTests-Info.plist";
				PRODUCT_NAME = "$(TARGET_NAME)";
				TEST_HOST = "$(BUNDLE_LOADER)";
				WRAPPER_EXTENSION = octest;
			};
			name = Release;
		};
/* End XCBuildConfiguration section */

/* Begin XCConfigurationList section */
		B318632014D8573B00397A98 /* Build configuration list for PBXProject "HBNiOSTutorial" */ = {
			isa = XCConfigurationList;
			buildConfigurations = (
				B318635714D8573B00397A98 /* Debug */,
				B318635814D8573B00397A98 /* Release */,
			);
			defaultConfigurationIsVisible = 0;
			defaultConfigurationName = Release;
		};
		B318635914D8573B00397A98 /* Build configuration list for PBXNativeTarget "HBNiOSTutorial" */ = {
			isa = XCConfigurationList;
			buildConfigurations = (
				B318635A14D8573B00397A98 /* Debug */,
				B318635B14D8573B00397A98 /* Release */,
			);
			defaultConfigurationIsVisible = 0;
			defaultConfigurationName = Release;
		};
		B318635C14D8573B00397A98 /* Build configuration list for PBXNativeTarget "HBNiOSTutorialTests" */ = {
			isa = XCConfigurationList;
			buildConfigurations = (
				B318635D14D8573B00397A98 /* Debug */,
				B318635E14D8573B00397A98 /* Release */,
			);
			defaultConfigurationIsVisible = 0;
			defaultConfigurationName = Release;
		};
/* End XCConfigurationList section */
	};
	rootObject = B318631D14D8573B00397A98 /* Project object */;
}
